// !$*UTF8*$!
{
	archiveVersion = 1;
	classes = {
	};
	objectVersion = 55;
	objects = {

/* Begin PBXBuildFile section */
		627FF8C3282DC87C00CB273B /* AppDelegate.swift in Sources */ = {isa = PBXBuildFile; fileRef = 627FF8C2282DC87C00CB273B /* AppDelegate.swift */; };
		627FF8C5282DC87C00CB273B /* SceneDelegate.swift in Sources */ = {isa = PBXBuildFile; fileRef = 627FF8C4282DC87C00CB273B /* SceneDelegate.swift */; };
		627FF8C7282DC87C00CB273B /* ViewController.swift in Sources */ = {isa = PBXBuildFile; fileRef = 627FF8C6282DC87C00CB273B /* ViewController.swift */; };
		627FF8CA282DC87C00CB273B /* Main.storyboard in Resources */ = {isa = PBXBuildFile; fileRef = 627FF8C8282DC87C00CB273B /* Main.storyboard */; };
		627FF8CC282DC87D00CB273B /* Assets.xcassets in Resources */ = {isa = PBXBuildFile; fileRef = 627FF8CB282DC87D00CB273B /* Assets.xcassets */; };
		627FF8CF282DC87D00CB273B /* LaunchScreen.storyboard in Resources */ = {isa = PBXBuildFile; fileRef = 627FF8CD282DC87D00CB273B /* LaunchScreen.storyboard */; };
		6296233B284492B300F85ECA /* HomeViewController.swift in Sources */ = {isa = PBXBuildFile; fileRef = 6296233A284492B300F85ECA /* HomeViewController.swift */; };
		6296233E28452A3D00F85ECA /* Alamofire in Frameworks */ = {isa = PBXBuildFile; productRef = 6296233D28452A3D00F85ECA /* Alamofire */; };
		6296234228453A7D00F85ECA /* assets in Resources */ = {isa = PBXBuildFile; fileRef = 6296234128453A7C00F85ECA /* assets */; };
		F222F44D28330B870004717F /* SignUpViewController.swift in Sources */ = {isa = PBXBuildFile; fileRef = F222F44C28330B870004717F /* SignUpViewController.swift */; };
/* End PBXBuildFile section */

/* Begin PBXFileReference section */
		627FF8BF282DC87C00CB273B /* ExamenIOS.app */ = {isa = PBXFileReference; explicitFileType = wrapper.application; includeInIndex = 0; path = ExamenIOS.app; sourceTree = BUILT_PRODUCTS_DIR; };
		627FF8C2282DC87C00CB273B /* AppDelegate.swift */ = {isa = PBXFileReference; lastKnownFileType = sourcecode.swift; path = AppDelegate.swift; sourceTree = "<group>"; };
		627FF8C4282DC87C00CB273B /* SceneDelegate.swift */ = {isa = PBXFileReference; lastKnownFileType = sourcecode.swift; path = SceneDelegate.swift; sourceTree = "<group>"; };
		627FF8C6282DC87C00CB273B /* ViewController.swift */ = {isa = PBXFileReference; lastKnownFileType = sourcecode.swift; path = ViewController.swift; sourceTree = "<group>"; };
		627FF8C9282DC87C00CB273B /* Base */ = {isa = PBXFileReference; lastKnownFileType = file.storyboard; name = Base; path = Base.lproj/Main.storyboard; sourceTree = "<group>"; };
		627FF8CB282DC87D00CB273B /* Assets.xcassets */ = {isa = PBXFileReference; lastKnownFileType = folder.assetcatalog; path = Assets.xcassets; sourceTree = "<group>"; };
		627FF8CE282DC87D00CB273B /* Base */ = {isa = PBXFileReference; lastKnownFileType = file.storyboard; name = Base; path = Base.lproj/LaunchScreen.storyboard; sourceTree = "<group>"; };
		627FF8D0282DC87D00CB273B /* Info.plist */ = {isa = PBXFileReference; lastKnownFileType = text.plist.xml; path = Info.plist; sourceTree = "<group>"; };
		6296233A284492B300F85ECA /* HomeViewController.swift */ = {isa = PBXFileReference; lastKnownFileType = sourcecode.swift; path = HomeViewController.swift; sourceTree = "<group>"; };
		6296234128453A7C00F85ECA /* assets */ = {isa = PBXFileReference; lastKnownFileType = folder; path = assets; sourceTree = "<group>"; };
		F222F44C28330B870004717F /* SignUpViewController.swift */ = {isa = PBXFileReference; lastKnownFileType = sourcecode.swift; path = SignUpViewController.swift; sourceTree = "<group>"; };
/* End PBXFileReference section */

/* Begin PBXFrameworksBuildPhase section */
		627FF8BC282DC87C00CB273B /* Frameworks */ = {
			isa = PBXFrameworksBuildPhase;
			buildActionMask = 2147483647;
			files = (
				6296233E28452A3D00F85ECA /* Alamofire in Frameworks */,
			);
			runOnlyForDeploymentPostprocessing = 0;
		};
/* End PBXFrameworksBuildPhase section */

/* Begin PBXGroup section */
		627FF8B6282DC87C00CB273B = {
			isa = PBXGroup;
			children = (
				6296234128453A7C00F85ECA /* assets */,
				627FF8C1282DC87C00CB273B /* ExamenIOS */,
				627FF8C0282DC87C00CB273B /* Products */,
			);
			sourceTree = "<group>";
		};
		627FF8C0282DC87C00CB273B /* Products */ = {
			isa = PBXGroup;
			children = (
				627FF8BF282DC87C00CB273B /* ExamenIOS.app */,
			);
			name = Products;
			sourceTree = "<group>";
		};
		627FF8C1282DC87C00CB273B /* ExamenIOS */ = {
			isa = PBXGroup;
			children = (
				627FF8C2282DC87C00CB273B /* AppDelegate.swift */,
				627FF8C4282DC87C00CB273B /* SceneDelegate.swift */,
				627FF8C6282DC87C00CB273B /* ViewController.swift */,
				627FF8C8282DC87C00CB273B /* Main.storyboard */,
				627FF8CB282DC87D00CB273B /* Assets.xcassets */,
				627FF8CD282DC87D00CB273B /* LaunchScreen.storyboard */,
				627FF8D0282DC87D00CB273B /* Info.plist */,
				F222F44C28330B870004717F /* SignUpViewController.swift */,
				6296233A284492B300F85ECA /* HomeViewController.swift */,
			);
			path = ExamenIOS;
			sourceTree = "<group>";
		};
/* End PBXGroup section */

/* Begin PBXNativeTarget section */
		627FF8BE282DC87C00CB273B /* ExamenIOS */ = {
			isa = PBXNativeTarget;
			buildConfigurationList = 627FF8D3282DC87D00CB273B /* Build configuration list for PBXNativeTarget "ExamenIOS" */;
			buildPhases = (
				627FF8BB282DC87C00CB273B /* Sources */,
				627FF8BC282DC87C00CB273B /* Frameworks */,
				627FF8BD282DC87C00CB273B /* Resources */,
			);
			buildRules = (
			);
			dependencies = (
			);
			name = ExamenIOS;
			packageProductDependencies = (
				6296233D28452A3D00F85ECA /* Alamofire */,
			);
			productName = ExamenIOS;
			productReference = 627FF8BF282DC87C00CB273B /* ExamenIOS.app */;
			productType = "com.apple.product-type.application";
		};
/* End PBXNativeTarget section */

/* Begin PBXProject section */
		627FF8B7282DC87C00CB273B /* Project object */ = {
			isa = PBXProject;
			attributes = {
				BuildIndependentTargetsInParallel = 1;
				LastSwiftUpdateCheck = 1320;
				LastUpgradeCheck = 1320;
				TargetAttributes = {
					627FF8BE282DC87C00CB273B = {
						CreatedOnToolsVersion = 13.2.1;
					};
				};
			};
			buildConfigurationList = 627FF8BA282DC87C00CB273B /* Build configuration list for PBXProject "ExamenIOS" */;
			compatibilityVersion = "Xcode 13.0";
			developmentRegion = en;
			hasScannedForEncodings = 0;
			knownRegions = (
				en,
				Base,
			);
			mainGroup = 627FF8B6282DC87C00CB273B;
			packageReferences = (
				6296233C28452A3D00F85ECA /* XCRemoteSwiftPackageReference "Alamofire" */,
			);
			productRefGroup = 627FF8C0282DC87C00CB273B /* Products */;
			projectDirPath = "";
			projectRoot = "";
			targets = (
				627FF8BE282DC87C00CB273B /* ExamenIOS */,
			);
		};
/* End PBXProject section */

/* Begin PBXResourcesBuildPhase section */
		627FF8BD282DC87C00CB273B /* Resources */ = {
			isa = PBXResourcesBuildPhase;
			buildActionMask = 2147483647;
			files = (
				627FF8CF282DC87D00CB273B /* LaunchScreen.storyboard in Resources */,
				6296234228453A7D00F85ECA /* assets in Resources */,
				627FF8CC282DC87D00CB273B /* Assets.xcassets in Resources */,
				627FF8CA282DC87C00CB273B /* Main.storyboard in Resources */,
			);
			runOnlyForDeploymentPostprocessing = 0;
		};
/* End PBXResourcesBuildPhase section */

/* Begin PBXSourcesBuildPhase section */
		627FF8BB282DC87C00CB273B /* Sources */ = {
			isa = PBXSourcesBuildPhase;
			buildActionMask = 2147483647;
			files = (
				6296233B284492B300F85ECA /* HomeViewController.swift in Sources */,
				627FF8C7282DC87C00CB273B /* ViewController.swift in Sources */,
				627FF8C3282DC87C00CB273B /* AppDelegate.swift in Sources */,
				F222F44D28330B870004717F /* SignUpViewController.swift in Sources */,
				627FF8C5282DC87C00CB273B /* SceneDelegate.swift in Sources */,
			);
			runOnlyForDeploymentPostprocessing = 0;
		};
/* End PBXSourcesBuildPhase section */

/* Begin PBXVariantGroup section */
		627FF8C8282DC87C00CB273B /* Main.storyboard */ = {
			isa = PBXVariantGroup;
			children = (
				627FF8C9282DC87C00CB273B /* Base */,
			);
			name = Main.storyboard;
			sourceTree = "<group>";
		};
		627FF8CD282DC87D00CB273B /* LaunchScreen.storyboard */ = {
			isa = PBXVariantGroup;
			children = (
				627FF8CE282DC87D00CB273B /* Base */,
			);
			name = LaunchScreen.storyboard;
			sourceTree = "<group>";
		};
/* End PBXVariantGroup section */

/* Begin XCBuildConfiguration section */
		627FF8D1282DC87D00CB273B /* Debug */ = {
			isa = XCBuildConfiguration;
			buildSettings = {
				ALWAYS_SEARCH_USER_PATHS = NO;
				CLANG_ANALYZER_NONNULL = YES;
				CLANG_ANALYZER_NUMBER_OBJECT_CONVERSION = YES_AGGRESSIVE;
				CLANG_CXX_LANGUAGE_STANDARD = "gnu++17";
				CLANG_CXX_LIBRARY = "libc++";
				CLANG_ENABLE_MODULES = YES;
				CLANG_ENABLE_OBJC_ARC = YES;
				CLANG_ENABLE_OBJC_WEAK = YES;
				CLANG_WARN_BLOCK_CAPTURE_AUTORELEASING = YES;
				CLANG_WARN_BOOL_CONVERSION = YES;
				CLANG_WARN_COMMA = YES;
				CLANG_WARN_CONSTANT_CONVERSION = YES;
				CLANG_WARN_DEPRECATED_OBJC_IMPLEMENTATIONS = YES;
				CLANG_WARN_DIRECT_OBJC_ISA_USAGE = YES_ERROR;
				CLANG_WARN_DOCUMENTATION_COMMENTS = YES;
				CLANG_WARN_EMPTY_BODY = YES;
				CLANG_WARN_ENUM_CONVERSION = YES;
				CLANG_WARN_INFINITE_RECURSION = YES;
				CLANG_WARN_INT_CONVERSION = YES;
				CLANG_WARN_NON_LITERAL_NULL_CONVERSION = YES;
				CLANG_WARN_OBJC_IMPLICIT_RETAIN_SELF = YES;
				CLANG_WARN_OBJC_LITERAL_CONVERSION = YES;
				CLANG_WARN_OBJC_ROOT_CLASS = YES_ERROR;
				CLANG_WARN_QUOTED_INCLUDE_IN_FRAMEWORK_HEADER = YES;
				CLANG_WARN_RANGE_LOOP_ANALYSIS = YES;
				CLANG_WARN_STRICT_PROTOTYPES = YES;
				CLANG_WARN_SUSPICIOUS_MOVE = YES;
				CLANG_WARN_UNGUARDED_AVAILABILITY = YES_AGGRESSIVE;
				CLANG_WARN_UNREACHABLE_CODE = YES;
				CLANG_WARN__DUPLICATE_METHOD_MATCH = YES;
				COPY_PHASE_STRIP = NO;
				DEBUG_INFORMATION_FORMAT = dwarf;
				ENABLE_STRICT_OBJC_MSGSEND = YES;
				ENABLE_TESTABILITY = YES;
				GCC_C_LANGUAGE_STANDARD = gnu11;
				GCC_DYNAMIC_NO_PIC = NO;
				GCC_NO_COMMON_BLOCKS = YES;
				GCC_OPTIMIZATION_LEVEL = 0;
				GCC_PREPROCESSOR_DEFINITIONS = (
					"DEBUG=1",
					"$(inherited)",
				);
				GCC_WARN_64_TO_32_BIT_CONVERSION = YES;
				GCC_WARN_ABOUT_RETURN_TYPE = YES_ERROR;
				GCC_WARN_UNDECLARED_SELECTOR = YES;
				GCC_WARN_UNINITIALIZED_AUTOS = YES_AGGRESSIVE;
				GCC_WARN_UNUSED_FUNCTION = YES;
				GCC_WARN_UNUSED_VARIABLE = YES;
				IPHONEOS_DEPLOYMENT_TARGET = 15.2;
				MTL_ENABLE_DEBUG_INFO = INCLUDE_SOURCE;
				MTL_FAST_MATH = YES;
				ONLY_ACTIVE_ARCH = YES;
				SDKROOT = iphoneos;
				SWIFT_ACTIVE_COMPILATION_CONDITIONS = DEBUG;
				SWIFT_OPTIMIZATION_LEVEL = "-Onone";
			};
			name = Debug;
		};
		627FF8D2282DC87D00CB273B /* Release */ = {
			isa = XCBuildConfiguration;
			buildSettings = {
				ALWAYS_SEARCH_USER_PATHS = NO;
				CLANG_ANALYZER_NONNULL = YES;
				CLANG_ANALYZER_NUMBER_OBJECT_CONVERSION = YES_AGGRESSIVE;
				CLANG_CXX_LANGUAGE_STANDARD = "gnu++17";
				CLANG_CXX_LIBRARY = "libc++";
				CLANG_ENABLE_MODULES = YES;
				CLANG_ENABLE_OBJC_ARC = YES;
				CLANG_ENABLE_OBJC_WEAK = YES;
				CLANG_WARN_BLOCK_CAPTURE_AUTORELEASING = YES;
				CLANG_WARN_BOOL_CONVERSION = YES;
				CLANG_WARN_COMMA = YES;
				CLANG_WARN_CONSTANT_CONVERSION = YES;
				CLANG_WARN_DEPRECATED_OBJC_IMPLEMENTATIONS = YES;
				CLANG_WARN_DIRECT_OBJC_ISA_USAGE = YES_ERROR;
				CLANG_WARN_DOCUMENTATION_COMMENTS = YES;
				CLANG_WARN_EMPTY_BODY = YES;
				CLANG_WARN_ENUM_CONVERSION = YES;
				CLANG_WARN_INFINITE_RECURSION = YES;
				CLANG_WARN_INT_CONVERSION = YES;
				CLANG_WARN_NON_LITERAL_NULL_CONVERSION = YES;
				CLANG_WARN_OBJC_IMPLICIT_RETAIN_SELF = YES;
				CLANG_WARN_OBJC_LITERAL_CONVERSION = YES;
				CLANG_WARN_OBJC_ROOT_CLASS = YES_ERROR;
				CLANG_WARN_QUOTED_INCLUDE_IN_FRAMEWORK_HEADER = YES;
				CLANG_WARN_RANGE_LOOP_ANALYSIS = YES;
				CLANG_WARN_STRICT_PROTOTYPES = YES;
				CLANG_WARN_SUSPICIOUS_MOVE = YES;
				CLANG_WARN_UNGUARDED_AVAILABILITY = YES_AGGRESSIVE;
				CLANG_WARN_UNREACHABLE_CODE = YES;
				CLANG_WARN__DUPLICATE_METHOD_MATCH = YES;
				COPY_PHASE_STRIP = NO;
				DEBUG_INFORMATION_FORMAT = "dwarf-with-dsym";
				ENABLE_NS_ASSERTIONS = NO;
				ENABLE_STRICT_OBJC_MSGSEND = YES;
				GCC_C_LANGUAGE_STANDARD = gnu11;
				GCC_NO_COMMON_BLOCKS = YES;
				GCC_WARN_64_TO_32_BIT_CONVERSION = YES;
				GCC_WARN_ABOUT_RETURN_TYPE = YES_ERROR;
				GCC_WARN_UNDECLARED_SELECTOR = YES;
				GCC_WARN_UNINITIALIZED_AUTOS = YES_AGGRESSIVE;
				GCC_WARN_UNUSED_FUNCTION = YES;
				GCC_WARN_UNUSED_VARIABLE = YES;
				IPHONEOS_DEPLOYMENT_TARGET = 15.2;
				MTL_ENABLE_DEBUG_INFO = NO;
				MTL_FAST_MATH = YES;
				SDKROOT = iphoneos;
				SWIFT_COMPILATION_MODE = wholemodule;
				SWIFT_OPTIMIZATION_LEVEL = "-O";
				VALIDATE_PRODUCT = YES;
			};
			name = Release;
		};
		627FF8D4282DC87D00CB273B /* Debug */ = {
			isa = XCBuildConfiguration;
			buildSettings = {
				ASSETCATALOG_COMPILER_APPICON_NAME = AppIcon;
				ASSETCATALOG_COMPILER_GLOBAL_ACCENT_COLOR_NAME = AccentColor;
				CODE_SIGN_STYLE = Automatic;
				CURRENT_PROJECT_VERSION = 1;
				GENERATE_INFOPLIST_FILE = YES;
				INFOPLIST_FILE = ExamenIOS/Info.plist;
				INFOPLIST_KEY_UIApplicationSupportsIndirectInputEvents = YES;
				INFOPLIST_KEY_UILaunchStoryboardName = LaunchScreen;
				INFOPLIST_KEY_UIMainStoryboardFile = Main;
				INFOPLIST_KEY_UISupportedInterfaceOrientations_iPad = "UIInterfaceOrientationPortrait UIInterfaceOrientationPortraitUpsideDown UIInterfaceOrientationLandscapeLeft UIInterfaceOrientationLandscapeRight";
				INFOPLIST_KEY_UISupportedInterfaceOrientations_iPhone = "UIInterfaceOrientationPortrait UIInterfaceOrientationLandscapeLeft UIInterfaceOrientationLandscapeRight";
				LD_RUNPATH_SEARCH_PATHS = (
					"$(inherited)",
					"@executable_path/Frameworks",
				);
				MARKETING_VERSION = 1.0;
				PRODUCT_BUNDLE_IDENTIFIER = Fractal.ExamenIOS;
				PRODUCT_NAME = "$(TARGET_NAME)";
				SWIFT_EMIT_LOC_STRINGS = YES;
				SWIFT_VERSION = 5.0;
				TARGETED_DEVICE_FAMILY = "1,2";
			};
			name = Debug;
		};
		627FF8D5282DC87D00CB273B /* Release */ = {
			isa = XCBuildConfiguration;
			buildSettings = {
				ASSETCATALOG_COMPILER_APPICON_NAME = AppIcon;
				ASSETCATALOG_COMPILER_GLOBAL_ACCENT_COLOR_NAME = AccentColor;
				CODE_SIGN_STYLE = Automatic;
				CURRENT_PROJECT_VERSION = 1;
				GENERATE_INFOPLIST_FILE = YES;
				INFOPLIST_FILE = ExamenIOS/Info.plist;
				INFOPLIST_KEY_UIApplicationSupportsIndirectInputEvents = YES;
				INFOPLIST_KEY_UILaunchStoryboardName = LaunchScreen;
				INFOPLIST_KEY_UIMainStoryboardFile = Main;
				INFOPLIST_KEY_UISupportedInterfaceOrientations_iPad = "UIInterfaceOrientationPortrait UIInterfaceOrientationPortraitUpsideDown UIInterfaceOrientationLandscapeLeft UIInterfaceOrientationLandscapeRight";
				INFOPLIST_KEY_UISupportedInterfaceOrientations_iPhone = "UIInterfaceOrientationPortrait UIInterfaceOrientationLandscapeLeft UIInterfaceOrientationLandscapeRight";
				LD_RUNPATH_SEARCH_PATHS = (
					"$(inherited)",
					"@executable_path/Frameworks",
				);
				MARKETING_VERSION = 1.0;
				PRODUCT_BUNDLE_IDENTIFIER = Fractal.ExamenIOS;
				PRODUCT_NAME = "$(TARGET_NAME)";
				SWIFT_EMIT_LOC_STRINGS = YES;
				SWIFT_VERSION = 5.0;
				TARGETED_DEVICE_FAMILY = "1,2";
			};
			name = Release;
		};
/* End XCBuildConfiguration section */

/* Begin XCConfigurationList section */
		627FF8BA282DC87C00CB273B /* Build configuration list for PBXProject "ExamenIOS" */ = {
			isa = XCConfigurationList;
			buildConfigurations = (
				627FF8D1282DC87D00CB273B /* Debug */,
				627FF8D2282DC87D00CB273B /* Release */,
			);
			defaultConfigurationIsVisible = 0;
			defaultConfigurationName = Release;
		};
		627FF8D3282DC87D00CB273B /* Build configuration list for PBXNativeTarget "ExamenIOS" */ = {
			isa = XCConfigurationList;
			buildConfigurations = (
				627FF8D4282DC87D00CB273B /* Debug */,
				627FF8D5282DC87D00CB273B /* Release */,
			);
			defaultConfigurationIsVisible = 0;
			defaultConfigurationName = Release;
		};
/* End XCConfigurationList section */

/* Begin XCRemoteSwiftPackageReference section */
		6296233C28452A3D00F85ECA /* XCRemoteSwiftPackageReference "Alamofire" */ = {
			isa = XCRemoteSwiftPackageReference;
			repositoryURL = "https://github.com/Alamofire/Alamofire.git";
			requirement = {
				kind = upToNextMajorVersion;
				minimumVersion = 5.0.0;
			};
		};
/* End XCRemoteSwiftPackageReference section */

/* Begin XCSwiftPackageProductDependency section */
		6296233D28452A3D00F85ECA /* Alamofire */ = {
			isa = XCSwiftPackageProductDependency;
			package = 6296233C28452A3D00F85ECA /* XCRemoteSwiftPackageReference "Alamofire" */;
			productName = Alamofire;
		};
/* End XCSwiftPackageProductDependency section */
	};
	rootObject = 627FF8B7282DC87C00CB273B /* Project object */;
}
